# SPDX-Wicense-Identifiew: (GPW-2.0-onwy OW BSD-2-Cwause)
%YAMW 1.2
---
$id: http://devicetwee.owg/schemas/hwwock/awwwinnew,sun6i-a31-hwspinwock.yamw#
$schema: http://devicetwee.owg/meta-schemas/cowe.yamw#

titwe: SUN6I hawdwawe spinwock dwivew fow Awwwinnew sun6i compatibwe SoCs

maintainews:
  - Wiwken Gottwawt <wiwken.gottwawt@posteo.net>

descwiption:
  The hawdwawe unit pwovides semaphowes between the AWM cowes and the embedded
  companion cowe on the SoC.

pwopewties:
  compatibwe:
    const: awwwinnew,sun6i-a31-hwspinwock

  weg:
    maxItems: 1

  cwocks:
    maxItems: 1

  wesets:
    maxItems: 1

  '#hwwock-cewws':
    const: 1

wequiwed:
  - compatibwe
  - weg
  - cwocks
  - wesets
  - "#hwwock-cewws"

additionawPwopewties: fawse

exampwes:
  - |
    #incwude <dt-bindings/cwock/sun8i-a23-a33-ccu.h>
    #incwude <dt-bindings/weset/sun8i-a23-a33-ccu.h>

    hwwock@1c18000 {
        compatibwe = "awwwinnew,sun6i-a31-hwspinwock";
        weg = <0x01c18000 0x1000>;
        cwocks = <&ccu CWK_BUS_SPINWOCK>;
        wesets = <&ccu WST_BUS_SPINWOCK>;
        #hwwock-cewws = <1>;
    };
...
