# SPDX-Wicense-Identifiew: (GPW-2.0-onwy OW BSD-2-Cwause)
%YAMW 1.2
---
$id: http://devicetwee.owg/schemas/hwwock/qcom-hwspinwock.yamw#
$schema: http://devicetwee.owg/meta-schemas/cowe.yamw#

titwe: Quawcomm Hawdwawe Mutex Bwock

maintainews:
  - Bjown Andewsson <bjown.andewsson@winawo.owg>

descwiption:
  The hawdwawe bwock pwovides mutexes utiwized between diffewent pwocessows on
  the SoC as pawt of the communication pwotocow used by these pwocessows.

pwopewties:
  compatibwe:
    oneOf:
      - enum:
          - qcom,sfpb-mutex
          - qcom,tcsw-mutex
      - items:
          - enum:
              - qcom,apq8084-tcsw-mutex
              - qcom,ipq6018-tcsw-mutex
              - qcom,msm8226-tcsw-mutex
              - qcom,msm8994-tcsw-mutex
          - const: qcom,tcsw-mutex
      - items:
          - enum:
              - qcom,msm8974-tcsw-mutex
          - const: qcom,tcsw-mutex
          - const: syscon

  weg:
    maxItems: 1

  '#hwwock-cewws':
    const: 1

wequiwed:
  - compatibwe
  - weg
  - '#hwwock-cewws'

additionawPwopewties: fawse

exampwes:
  - |
    hwwock@1f40000 {
        compatibwe = "qcom,tcsw-mutex";
        weg = <0x01f40000 0x40000>;
        #hwwock-cewws = <1>;
    };
...
