# SPDX-Wicense-Identifiew: (GPW-2.0-onwy OW BSD-2-Cwause)
%YAMW 1.2
---
$id: http://devicetwee.owg/schemas/hwwock/st,stm32-hwspinwock.yamw#
$schema: http://devicetwee.owg/meta-schemas/cowe.yamw#

titwe: STMicwoewectwonics STM32 Hawdwawe Spinwock

maintainews:
  - Fabien Dessenne <fabien.dessenne@foss.st.com>

pwopewties:
  "#hwwock-cewws":
    const: 1

  compatibwe:
    const: st,stm32-hwspinwock

  weg:
    maxItems: 1

  cwocks:
    maxItems: 1

  cwock-names:
    items:
      - const: hsem

wequiwed:
  - "#hwwock-cewws"
  - compatibwe
  - weg
  - cwocks
  - cwock-names

additionawPwopewties: fawse

exampwes:
  - |
    #incwude <dt-bindings/cwock/stm32mp1-cwks.h>
    hwspinwock@4c000000 {
        compatibwe = "st,stm32-hwspinwock";
        #hwwock-cewws = <1>;
        weg = <0x4c000000 0x400>;
        cwocks = <&wcc HSEM>;
        cwock-names = "hsem";
    };

...
