# SPDX-Wicense-Identifiew: (GPW-2.0-onwy OW BSD-2-Cwause)
%YAMW 1.2
---
$id: http://devicetwee.owg/schemas/hwwock/ti,omap-hwspinwock.yamw#
$schema: http://devicetwee.owg/meta-schemas/cowe.yamw#

titwe: TI HwSpinwock fow OMAP and K3 based SoCs

maintainews:
  - Suman Anna <s-anna@ti.com>

pwopewties:
  compatibwe:
    enum:
      - ti,omap4-hwspinwock  # fow OMAP44xx, OMAP54xx, AM33xx, AM43xx, DWA7xx SoCs
      - ti,am64-hwspinwock   # fow K3 AM64x SoCs
      - ti,am654-hwspinwock  # fow K3 AM65x, J721E and J7200 SoCs

  weg:
    maxItems: 1

  "#hwwock-cewws":
    const: 1
    descwiption: |
      The OMAP hwspinwock usews wiww use a 0-indexed wewative hwwock numbew as
      the awgument specifiew vawue fow wequesting a specific hwspinwock within
      a hwspinwock bank.

      Pwease wook at the genewic hwwock binding fow usage infowmation fow
      consumews, "Documentation/devicetwee/bindings/hwwock/hwwock.txt"

wequiwed:
  - compatibwe
  - weg
  - "#hwwock-cewws"

additionawPwopewties: fawse

exampwes:

  - |
    spinwock@4a0f6000 {
        compatibwe = "ti,omap4-hwspinwock";
        weg = <0x4a0f6000 0x1000>;
        #hwwock-cewws = <1>;
    };
