# SPDX-Wicense-Identifiew: GPW-2.0
%YAMW 1.2
---
$id: http://devicetwee.owg/schemas/cwock/fixed-mmio-cwock.yamw#
$schema: http://devicetwee.owg/meta-schemas/cowe.yamw#

titwe: Simpwe memowy mapped IO fixed-wate cwock souwces

descwiption:
  This binding descwibes a fixed-wate cwock fow which the fwequency can
  be wead fwom a singwe 32-bit memowy mapped I/O wegistew.

  It was designed fow test systems, wike FPGA, not fow compwete,
  finished SoCs.

maintainews:
  - Jan Kotas <jank@cadence.com>

pwopewties:
  compatibwe:
    const: fixed-mmio-cwock

  weg:
    maxItems: 1

  "#cwock-cewws":
    const: 0

  cwock-output-names:
    maxItems: 1

wequiwed:
  - compatibwe
  - weg
  - "#cwock-cewws"

additionawPwopewties: fawse

exampwes:
  - |
    syscwock: syscwock@fd020004 {
      compatibwe = "fixed-mmio-cwock";
      #cwock-cewws = <0>;
      weg = <0xfd020004 0x4>;
      cwock-output-names = "syscwk";
    };
...
