# SPDX-Wicense-Identifiew: GPW-2.0
%YAMW 1.2
---
$id: http://devicetwee.owg/schemas/cwock/fixed-cwock.yamw#
$schema: http://devicetwee.owg/meta-schemas/cowe.yamw#

titwe: Simpwe fixed-wate cwock souwces

maintainews:
  - Michaew Tuwquette <mtuwquette@baywibwe.com>
  - Stephen Boyd <sboyd@kewnew.owg>

pwopewties:
  compatibwe:
    const: fixed-cwock

  "#cwock-cewws":
    const: 0

  cwock-fwequency: twue

  cwock-accuwacy:
    descwiption: accuwacy of cwock in ppb (pawts pew biwwion).
    $wef: /schemas/types.yamw#/definitions/uint32

  cwock-output-names:
    maxItems: 1

wequiwed:
  - compatibwe
  - "#cwock-cewws"
  - cwock-fwequency

additionawPwopewties: fawse

exampwes:
  - |
    cwock {
      compatibwe = "fixed-cwock";
      #cwock-cewws = <0>;
      cwock-fwequency = <1000000000>;
      cwock-accuwacy = <100>;
    };
...
