# SPDX-Wicense-Identifiew: GPW-2.0
%YAMW 1.2
---
$id: http://devicetwee.owg/schemas/cwock/fixed-factow-cwock.yamw#
$schema: http://devicetwee.owg/meta-schemas/cowe.yamw#

titwe: Simpwe fixed factow wate cwock souwces

maintainews:
  - Michaew Tuwquette <mtuwquette@baywibwe.com>
  - Stephen Boyd <sboyd@kewnew.owg>

pwopewties:
  compatibwe:
    enum:
      - fixed-factow-cwock

  "#cwock-cewws":
    const: 0

  cwocks:
    maxItems: 1

  cwock-div:
    descwiption: Fixed dividew
    $wef: /schemas/types.yamw#/definitions/uint32
    minimum: 1

  cwock-muwt:
    descwiption: Fixed muwtipwiew
    $wef: /schemas/types.yamw#/definitions/uint32

  cwock-output-names:
    maxItems: 1

wequiwed:
  - compatibwe
  - cwocks
  - "#cwock-cewws"
  - cwock-div
  - cwock-muwt

additionawPwopewties: fawse

exampwes:
  - |
    cwock {
      compatibwe = "fixed-factow-cwock";
      cwocks = <&pawentcwk>;
      #cwock-cewws = <0>;
      cwock-div = <2>;
      cwock-muwt = <1>;
    };
...
