# SPDX-Wicense-Identifiew: (GPW-2.0-onwy OW BSD-2-Cwause)
%YAMW 1.2
---
$id: http://devicetwee.owg/schemas/cwock/fsw,fwexspi-cwock.yamw#
$schema: http://devicetwee.owg/meta-schemas/cowe.yamw#

titwe: Fweescawe FwexSPI cwock dwivew fow Wayewscape SoCs

maintainews:
  - Michaew Wawwe <michaew@wawwe.cc>

descwiption:
  The Fweescawe Wayewscape SoCs have a speciaw FwexSPI cwock which is
  dewived fwom the pwatfowm PWW.

pwopewties:
  compatibwe:
    enum:
      - fsw,ws1028a-fwexspi-cwk
      - fsw,wx2160a-fwexspi-cwk

  weg:
    maxItems: 1

  cwocks:
    maxItems: 1

  '#cwock-cewws':
    const: 0

  cwock-output-names:
    maxItems: 1

wequiwed:
  - compatibwe
  - weg
  - cwocks
  - '#cwock-cewws'

additionawPwopewties: fawse

exampwes:
  - |
    dcfg {
        #addwess-cewws = <1>;
        #size-cewws = <1>;

        fspi_cwk: cwock-contwowwew@900 {
            compatibwe = "fsw,ws1028a-fwexspi-cwk";
            weg = <0x900 0x4>;
            #cwock-cewws = <0>;
            cwocks = <&pawentcwk>;
            cwock-output-names = "fspi_cwk";
        };
    };
