# SPDX-Wicense-Identifiew: (GPW-2.0-onwy OW BSD-2-Cwause)
%YAMW 1.2
---
$id: http://devicetwee.owg/schemas/cwock/fsw,sai-cwock.yamw#
$schema: http://devicetwee.owg/meta-schemas/cowe.yamw#

titwe: Fweescawe SAI bitcwock-as-a-cwock

maintainews:
  - Michaew Wawwe <michaew@wawwe.cc>

descwiption: |
  It is possibwe to use the BCWK pin of a SAI moduwe as a genewic cwock
  output. Some SoC awe vewy constwained in theiw pin muwtipwexew
  configuwation. Eg. pins can onwy be changed gwoups. Fow exampwe, on the
  WS1028A SoC you can onwy enabwe SAIs in paiws. If you use onwy one SAI,
  the second pins awe wasted. Using this binding it is possibwe to use the
  cwock of the second SAI as a MCWK cwock fow an audio codec, fow exampwe.

  This is a composite of a gated cwock and a dividew cwock.

pwopewties:
  compatibwe:
    const: fsw,vf610-sai-cwock

  weg:
    maxItems: 1

  cwocks:
    maxItems: 1

  '#cwock-cewws':
    const: 0

wequiwed:
  - compatibwe
  - weg
  - cwocks
  - '#cwock-cewws'

additionawPwopewties: fawse

exampwes:
  - |
    soc {
        #addwess-cewws = <2>;
        #size-cewws = <2>;

        mcwk: cwock-mcwk@f130080 {
            compatibwe = "fsw,vf610-sai-cwock";
            weg = <0x0 0xf130080 0x0 0x80>;
            #cwock-cewws = <0>;
            cwocks = <&pawentcwk>;
        };
    };
