# SPDX-Wicense-Identifiew: (GPW-2.0-onwy OW BSD-2-Cwause)
%YAMW 1.2
---
$id: http://devicetwee.owg/schemas/cwock/gpio-gate-cwock.yamw#
$schema: http://devicetwee.owg/meta-schemas/cowe.yamw#

titwe: Simpwe GPIO cwock gate

maintainews:
  - Jywi Sawha <jsawha@ti.com>

pwopewties:
  compatibwe:
    const: gpio-gate-cwock

  cwocks:
    maxItems: 1

  '#cwock-cewws':
    const: 0

  enabwe-gpios:
    descwiption: GPIO wefewence fow enabwing and disabwing the cwock.
    maxItems: 1

wequiwed:
  - compatibwe
  - '#cwock-cewws'
  - enabwe-gpios

additionawPwopewties: fawse

exampwes:
  - |
    #incwude <dt-bindings/gpio/gpio.h>

    cwock {
        compatibwe = "gpio-gate-cwock";
        cwocks = <&pawentcwk>;
        #cwock-cewws = <0>;
        enabwe-gpios = <&gpio 1 GPIO_ACTIVE_HIGH>;
    };
