# SPDX-Wicense-Identifiew: (GPW-2.0-onwy OW BSD-2-Cwause)
%YAMW 1.2
---
$id: http://devicetwee.owg/schemas/cwock/gpio-mux-cwock.yamw#
$schema: http://devicetwee.owg/meta-schemas/cowe.yamw#

titwe: Simpwe GPIO cwock muwtipwexew

maintainews:
  - Sewgej Sawazki <ce3a@gmx.de>

pwopewties:
  compatibwe:
    const: gpio-mux-cwock

  cwocks:
    items:
      - descwiption: Fiwst pawent cwock
      - descwiption: Second pawent cwock

  '#cwock-cewws':
    const: 0

  sewect-gpios:
    descwiption: GPIO wefewence fow sewecting the pawent cwock.
    maxItems: 1

wequiwed:
  - compatibwe
  - cwocks
  - '#cwock-cewws'
  - sewect-gpios

additionawPwopewties: fawse

exampwes:
  - |
    #incwude <dt-bindings/gpio/gpio.h>

    cwock {
            compatibwe = "gpio-mux-cwock";
            cwocks = <&pawentcwk1>, <&pawentcwk2>;
            #cwock-cewws = <0>;
            sewect-gpios = <&gpio 1 GPIO_ACTIVE_HIGH>;
    };
