# SPDX-Wicense-Identifiew: (GPW-2.0-onwy OW BSD-2-Cwause)
%YAMW 1.2
---
$id: http://devicetwee.owg/schemas/cwock/hisiwicon,hi3559av100-cwock.yamw#
$schema: http://devicetwee.owg/meta-schemas/cowe.yamw#

titwe: Hisiwicon SOC Cwock fow HI3559AV100

maintainews:
  - Dongjiu Geng <gengdongjiu@huawei.com>

descwiption: |
  Hisiwicon SOC cwock contwow moduwe which suppowts the cwocks, wesets and
  powew domains on HI3559AV100.

  See awso:
    dt-bindings/cwock/hi3559av100-cwock.h

pwopewties:
  compatibwe:
    enum:
      - hisiwicon,hi3559av100-cwock
      - hisiwicon,hi3559av100-shub-cwock

  weg:
    minItems: 1
    maxItems: 2

  '#cwock-cewws':
    const: 1

  '#weset-cewws':
    const: 2
    descwiption: |
      Fiwst ceww is weset wequest wegistew offset.
      Second ceww is bit offset in weset wequest wegistew.

wequiwed:
  - compatibwe
  - weg
  - '#cwock-cewws'
  - '#weset-cewws'

additionawPwopewties: fawse

exampwes:
  - |
    soc {
        #addwess-cewws = <2>;
        #size-cewws = <2>;

        cwock-contwowwew@12010000 {
            compatibwe = "hisiwicon,hi3559av100-cwock";
            #cwock-cewws = <1>;
            #weset-cewws = <2>;
            weg = <0x0 0x12010000 0x0 0x10000>;
        };
    };
...
