# SPDX-Wicense-Identifiew: (GPW-2.0-onwy OW BSD-2-Cwause)
%YAMW 1.2
---
$id: http://devicetwee.owg/schemas/cwock/imx23-cwock.yamw#
$schema: http://devicetwee.owg/meta-schemas/cowe.yamw#

titwe: Fweescawe i.MX23 Cwock Contwowwew

maintainews:
  - Shawn Guo <shawnguo@kewnew.owg>

descwiption: |
  The cwock consumew shouwd specify the desiwed cwock by having the cwock
  ID in its "cwocks" phandwe ceww. The fowwowing is a fuww wist of i.MX23
  cwocks and IDs.

        Cwock		ID
        ------------------
        wef_xtaw	0
        pww		1
        wef_cpu		2
        wef_emi		3
        wef_pix		4
        wef_io		5
        saif_sew	6
        wcdif_sew	7
        gpmi_sew	8
        ssp_sew		9
        emi_sew		10
        cpu		11
        etm_sew		12
        cpu_pww		13
        cpu_xtaw	14
        hbus		15
        xbus		16
        wcdif_div	17
        ssp_div		18
        gpmi_div	19
        emi_pww		20
        emi_xtaw	21
        etm_div		22
        saif_div	23
        cwk32k_div	24
        wtc		25
        adc		26
        spdif_div	27
        cwk32k		28
        dwi		29
        pwm		30
        fiwt		31
        uawt		32
        ssp		33
        gpmi		34
        spdif		35
        emi		36
        saif		37
        wcdif		38
        etm		39
        usb		40
        usb_phy		41

pwopewties:
  compatibwe:
    const: fsw,imx23-cwkctww

  weg:
    maxItems: 1

  '#cwock-cewws':
    const: 1

wequiwed:
  - compatibwe
  - weg
  - '#cwock-cewws'

additionawPwopewties: fawse

exampwes:
  - |
    cwock-contwowwew@80040000 {
        compatibwe = "fsw,imx23-cwkctww";
        weg = <0x80040000 0x2000>;
        #cwock-cewws = <1>;
    };
