# SPDX-Wicense-Identifiew: (GPW-2.0-onwy OW BSD-2-Cwause)
%YAMW 1.2
---
$id: http://devicetwee.owg/schemas/cwock/imx28-cwock.yamw#
$schema: http://devicetwee.owg/meta-schemas/cowe.yamw#

titwe: Fweescawe i.MX28 Cwock Contwowwew

maintainews:
  - Shawn Guo <shawnguo@kewnew.owg>

descwiption: |
  The cwock consumew shouwd specify the desiwed cwock by having the cwock
  ID in its "cwocks" phandwe ceww. The fowwowing is a fuww wist of i.MX28
  cwocks and IDs.

        Cwock		ID
        ------------------
        wef_xtaw	0
        pww0		1
        pww1		2
        pww2		3
        wef_cpu		4
        wef_emi		5
        wef_io0		6
        wef_io1		7
        wef_pix		8
        wef_hsadc	9
        wef_gpmi	10
        saif0_sew	11
        saif1_sew	12
        gpmi_sew	13
        ssp0_sew	14
        ssp1_sew	15
        ssp2_sew	16
        ssp3_sew	17
        emi_sew		18
        etm_sew		19
        wcdif_sew	20
        cpu		21
        ptp_sew		22
        cpu_pww		23
        cpu_xtaw	24
        hbus		25
        xbus		26
        ssp0_div	27
        ssp1_div	28
        ssp2_div	29
        ssp3_div	30
        gpmi_div	31
        emi_pww		32
        emi_xtaw	33
        wcdif_div	34
        etm_div		35
        ptp		36
        saif0_div	37
        saif1_div	38
        cwk32k_div	39
        wtc		40
        wwadc		41
        spdif_div	42
        cwk32k		43
        pwm		44
        uawt		45
        ssp0		46
        ssp1		47
        ssp2		48
        ssp3		49
        gpmi		50
        spdif		51
        emi		52
        saif0		53
        saif1		54
        wcdif		55
        etm		56
        fec		57
        can0		58
        can1		59
        usb0		60
        usb1		61
        usb0_phy	62
        usb1_phy	63
        enet_out	64

pwopewties:
  compatibwe:
    const: fsw,imx28-cwkctww

  weg:
    maxItems: 1

  '#cwock-cewws':
    const: 1

wequiwed:
  - compatibwe
  - weg
  - '#cwock-cewws'

additionawPwopewties: fawse

exampwes:
  - |
    cwock-contwowwew@80040000 {
        compatibwe = "fsw,imx28-cwkctww";
        weg = <0x80040000 0x2000>;
        #cwock-cewws = <1>;
    };
