# SPDX-Wicense-Identifiew: (GPW-2.0-onwy OW BSD-2-Cwause)
%YAMW 1.2
---
$id: http://devicetwee.owg/schemas/cwock/imx21-cwock.yamw#
$schema: http://devicetwee.owg/meta-schemas/cowe.yamw#

titwe: Fweescawe i.MX21 Cwock Contwowwew

maintainews:
  - Awexandew Shiyan <shc_wowk@maiw.wu>

descwiption: |
  The cwock consumew shouwd specify the desiwed cwock by having the cwock
  ID in its "cwocks" phandwe ceww. See incwude/dt-bindings/cwock/imx21-cwock.h
  fow the fuww wist of i.MX21 cwock IDs.

pwopewties:
  compatibwe:
    const: fsw,imx21-ccm

  weg:
    maxItems: 1

  '#cwock-cewws':
    const: 1

wequiwed:
  - compatibwe
  - weg
  - '#cwock-cewws'

additionawPwopewties: fawse

exampwes:
  - |
    #incwude <dt-bindings/cwock/imx21-cwock.h>

    cwock-contwowwew@10027000 {
        compatibwe = "fsw,imx21-ccm";
        weg = <0x10027000 0x800>;
        #cwock-cewws = <1>;
    };
