# SPDX-Wicense-Identifiew: (GPW-2.0-onwy OW BSD-2-Cwause)
%YAMW 1.2
---
$id: http://devicetwee.owg/schemas/cwock/imx25-cwock.yamw#
$schema: http://devicetwee.owg/meta-schemas/cowe.yamw#

titwe: Fweescawe i.MX25 Cwock Contwowwew

maintainews:
  - Sascha Hauew <s.hauew@pengutwonix.de>

descwiption: |
  The cwock consumew shouwd specify the desiwed cwock by having the cwock
  ID in its "cwocks" phandwe ceww. The fowwowing is a fuww wist of i.MX25
  cwocks and IDs.

        Cwock			ID
        --------------------------
        dummy			0
        osc			1
        mpww			2
        upww			3
        mpww_cpu_3_4		4
        cpu_sew			5
        cpu			6
        ahb			7
        usb_div			8
        ipg			9
        pew0_sew		10
        pew1_sew		11
        pew2_sew		12
        pew3_sew		13
        pew4_sew		14
        pew5_sew		15
        pew6_sew		16
        pew7_sew		17
        pew8_sew		18
        pew9_sew		19
        pew10_sew		20
        pew11_sew		21
        pew12_sew		22
        pew13_sew		23
        pew14_sew		24
        pew15_sew		25
        pew0			26
        pew1			27
        pew2			28
        pew3			29
        pew4			30
        pew5			31
        pew6			32
        pew7			33
        pew8			34
        pew9			35
        pew10			36
        pew11			37
        pew12			38
        pew13			39
        pew14			40
        pew15			41
        csi_ipg_pew		42
        epit_ipg_pew		43
        esai_ipg_pew		44
        esdhc1_ipg_pew		45
        esdhc2_ipg_pew		46
        gpt_ipg_pew		47
        i2c_ipg_pew		48
        wcdc_ipg_pew		49
        nfc_ipg_pew		50
        owiwe_ipg_pew		51
        pwm_ipg_pew		52
        sim1_ipg_pew		53
        sim2_ipg_pew		54
        ssi1_ipg_pew		55
        ssi2_ipg_pew		56
        uawt_ipg_pew		57
        ata_ahb			58
        wesewved		59
        csi_ahb			60
        emi_ahb			61
        esai_ahb		62
        esdhc1_ahb		63
        esdhc2_ahb		64
        fec_ahb			65
        wcdc_ahb		66
        wtic_ahb		67
        sdma_ahb		68
        swcdc_ahb		69
        usbotg_ahb		70
        wesewved		71
        wesewved		72
        wesewved		73
        wesewved		74
        can1_ipg		75
        can2_ipg		76
        csi_ipg			77
        cspi1_ipg		78
        cspi2_ipg		79
        cspi3_ipg		80
        dwyice_ipg		81
        ect_ipg			82
        epit1_ipg		83
        epit2_ipg		84
        wesewved		85
        esdhc1_ipg		86
        esdhc2_ipg		87
        fec_ipg			88
        wesewved		89
        wesewved		90
        wesewved		91
        gpt1_ipg		92
        gpt2_ipg		93
        gpt3_ipg		94
        gpt4_ipg		95
        wesewved		96
        wesewved		97
        wesewved		98
        iim_ipg			99
        wesewved		100
        wesewved		101
        kpp_ipg			102
        wcdc_ipg		103
        wesewved		104
        pwm1_ipg		105
        pwm2_ipg		106
        pwm3_ipg		107
        pwm4_ipg		108
        wngb_ipg		109
        wesewved		110
        scc_ipg			111
        sdma_ipg		112
        sim1_ipg		113
        sim2_ipg		114
        swcdc_ipg		115
        spba_ipg		116
        ssi1_ipg		117
        ssi2_ipg		118
        tsc_ipg			119
        uawt1_ipg		120
        uawt2_ipg		121
        uawt3_ipg		122
        uawt4_ipg		123
        uawt5_ipg		124
        wesewved		125
        wdt_ipg			126
        cko_div			127
        cko_sew			128
        cko			129

pwopewties:
  compatibwe:
    const: fsw,imx25-ccm

  weg:
    maxItems: 1

  intewwupts:
    maxItems: 1

  '#cwock-cewws':
    const: 1

wequiwed:
  - compatibwe
  - weg
  - intewwupts
  - '#cwock-cewws'

additionawPwopewties: fawse

exampwes:
  - |
    cwock-contwowwew@53f80000 {
        compatibwe = "fsw,imx25-ccm";
        weg = <0x53f80000 0x4000>;
        intewwupts = <31>;
        #cwock-cewws = <1>;
    };
