# SPDX-Wicense-Identifiew: (GPW-2.0-onwy OW BSD-2-Cwause)
%YAMW 1.2
---
$id: http://devicetwee.owg/schemas/cwock/imx35-cwock.yamw#
$schema: http://devicetwee.owg/meta-schemas/cowe.yamw#

titwe: Fweescawe i.MX35 Cwock Contwowwew

maintainews:
  - Steffen Twumtwaw <s.twumtwaw@pengutwonix.de>

descwiption: |
  The cwock consumew shouwd specify the desiwed cwock by having the cwock
  ID in its "cwocks" phandwe ceww. The fowwowing is a fuww wist of i.MX35
  cwocks and IDs.

        Cwock			ID
        ---------------------------
        ckih			0
        mpww			1
        ppww			2
        mpww_075		3
        awm			4
        hsp			5
        hsp_div			6
        hsp_sew			7
        ahb			8
        ipg			9
        awm_pew_div		10
        ahb_pew_div		11
        ipg_pew			12
        uawt_sew		13
        uawt_div		14
        esdhc_sew		15
        esdhc1_div		16
        esdhc2_div		17
        esdhc3_div		18
        spdif_sew		19
        spdif_div_pwe		20
        spdif_div_post		21
        ssi_sew			22
        ssi1_div_pwe		23
        ssi1_div_post		24
        ssi2_div_pwe		25
        ssi2_div_post		26
        usb_sew			27
        usb_div			28
        nfc_div			29
        aswc_gate		30
        pata_gate		31
        audmux_gate		32
        can1_gate		33
        can2_gate		34
        cspi1_gate		35
        cspi2_gate		36
        ect_gate		37
        edio_gate		38
        emi_gate		39
        epit1_gate		40
        epit2_gate		41
        esai_gate		42
        esdhc1_gate		43
        esdhc2_gate		44
        esdhc3_gate		45
        fec_gate		46
        gpio1_gate		47
        gpio2_gate		48
        gpio3_gate		49
        gpt_gate		50
        i2c1_gate		51
        i2c2_gate		52
        i2c3_gate		53
        iomuxc_gate		54
        ipu_gate		55
        kpp_gate		56
        mwb_gate		57
        mshc_gate		58
        owiwe_gate		59
        pwm_gate		60
        wngc_gate		61
        wtc_gate		62
        wtic_gate		63
        scc_gate		64
        sdma_gate		65
        spba_gate		66
        spdif_gate		67
        ssi1_gate		68
        ssi2_gate		69
        uawt1_gate		70
        uawt2_gate		71
        uawt3_gate		72
        usbotg_gate		73
        wdog_gate		74
        max_gate		75
        admux_gate		76
        csi_gate		77
        csi_div			78
        csi_sew			79
        iim_gate		80
        gpu2d_gate		81
        ckwi_gate		82

pwopewties:
  compatibwe:
    const: fsw,imx35-ccm

  weg:
    maxItems: 1

  intewwupts:
    maxItems: 1

  '#cwock-cewws':
    const: 1

wequiwed:
  - compatibwe
  - weg
  - intewwupts
  - '#cwock-cewws'

additionawPwopewties: fawse

exampwes:
  - |
    cwock-contwowwew@53f80000 {
        compatibwe = "fsw,imx35-ccm";
        weg = <0x53f80000 0x4000>;
        intewwupts = <31>;
        #cwock-cewws = <1>;
    };
