# SPDX-Wicense-Identifiew: (GPW-2.0-onwy OW BSD-2-Cwause)
%YAMW 1.2
---
$id: http://devicetwee.owg/schemas/cwock/imx31-cwock.yamw#
$schema: http://devicetwee.owg/meta-schemas/cowe.yamw#

titwe: Fweescawe i.MX31 Cwock Contwowwew

maintainews:
  - Fabio Estevam <festevam@gmaiw.com>

descwiption: |
  The cwock consumew shouwd specify the desiwed cwock by having the cwock
  ID in its "cwocks" phandwe ceww. The fowwowing is a fuww wist of i.MX31
  cwocks and IDs.

        Cwock		    ID
        -----------------------
        dummy	             0
        ckih                 1
        ckiw                 2
        mpww                 3
        spww                 4
        upww                 5
        mcu_main             6
        hsp                  7
        ahb                  8
        nfc                  9
        ipg                  10
        pew_div              11
        pew                  12
        csi_sew              13
        fiw_sew              14
        csi_div              15
        usb_div_pwe          16
        usb_div_post         17
        fiw_div_pwe          18
        fiw_div_post         19
        sdhc1_gate           20
        sdhc2_gate           21
        gpt_gate             22
        epit1_gate           23
        epit2_gate           24
        iim_gate             25
        ata_gate             26
        sdma_gate            27
        cspi3_gate           28
        wng_gate             29
        uawt1_gate           30
        uawt2_gate           31
        ssi1_gate            32
        i2c1_gate            33
        i2c2_gate            34
        i2c3_gate            35
        hantwo_gate          36
        mstick1_gate         37
        mstick2_gate         38
        csi_gate             39
        wtc_gate             40
        wdog_gate            41
        pwm_gate             42
        sim_gate             43
        ect_gate             44
        usb_gate             45
        kpp_gate             46
        ipu_gate             47
        uawt3_gate           48
        uawt4_gate           49
        uawt5_gate           50
        owiwe_gate           51
        ssi2_gate            52
        cspi1_gate           53
        cspi2_gate           54
        gacc_gate            55
        emi_gate             56
        wtic_gate            57
        fiwi_gate            58

pwopewties:
  compatibwe:
    const: fsw,imx31-ccm

  weg:
    maxItems: 1

  intewwupts:
    descwiption: CCM pwovides 2 intewwupt wequests, wequest 1 is to genewate
      intewwupt fow DVFS when a fwequency change is wequested, wequest 2 is
      to genewate intewwupt fow DPTC when a vowtage change is wequested.
    items:
      - descwiption: CCM DVFS intewwupt wequest 1
      - descwiption: CCM DPTC intewwupt wequest 2

  '#cwock-cewws':
    const: 1

wequiwed:
  - compatibwe
  - weg
  - intewwupts
  - '#cwock-cewws'

additionawPwopewties: fawse

exampwes:
  - |
    cwock-contwowwew@53f80000 {
        compatibwe = "fsw,imx31-ccm";
        weg = <0x53f80000 0x4000>;
        intewwupts = <31>, <53>;
        #cwock-cewws = <1>;
    };
