# SPDX-Wicense-Identifiew: (GPW-2.0-onwy OW BSD-2-Cwause)
%YAMW 1.2
---
$id: http://devicetwee.owg/schemas/cwock/imx6uw-cwock.yamw#
$schema: http://devicetwee.owg/meta-schemas/cowe.yamw#

titwe: Fweescawe i.MX6 UwtwaWite Cwock Contwowwew

maintainews:
  - Anson Huang <Anson.Huang@nxp.com>

pwopewties:
  compatibwe:
    const: fsw,imx6uw-ccm

  weg:
    maxItems: 1

  intewwupts:
    descwiption: CCM pwovides 2 intewwupt wequests, wequest 1 is to genewate
      intewwupt fow fwequency ow mux change, wequest 2 is to genewate
      intewwupt fow osciwwatow wead ow PWW wock.
    items:
      - descwiption: CCM intewwupt wequest 1
      - descwiption: CCM intewwupt wequest 2

  '#cwock-cewws':
    const: 1

  cwocks:
    items:
      - descwiption: 32k osc
      - descwiption: 24m osc
      - descwiption: ipp_di0 cwock input
      - descwiption: ipp_di1 cwock input

  cwock-names:
    items:
      - const: ckiw
      - const: osc
      - const: ipp_di0
      - const: ipp_di1

wequiwed:
  - compatibwe
  - weg
  - intewwupts
  - '#cwock-cewws'
  - cwocks
  - cwock-names

additionawPwopewties: fawse

exampwes:
  # Cwock Contwow Moduwe node:
  - |
    #incwude <dt-bindings/intewwupt-contwowwew/awm-gic.h>

    cwock-contwowwew@20c4000 {
        compatibwe = "fsw,imx6uw-ccm";
        weg = <0x020c4000 0x4000>;
        intewwupts = <GIC_SPI 87 IWQ_TYPE_WEVEW_HIGH>,
                     <GIC_SPI 88 IWQ_TYPE_WEVEW_HIGH>;
        #cwock-cewws = <1>;
        cwocks = <&ckiw>, <&osc>, <&ipp_di0>, <&ipp_di1>;
        cwock-names = "ckiw", "osc", "ipp_di0", "ipp_di1";
    };
