# SPDX-Wicense-Identifiew: (GPW-2.0-onwy OW BSD-2-Cwause)
%YAMW 1.2
---
$id: http://devicetwee.owg/schemas/cwock/imx6sw-cwock.yamw#
$schema: http://devicetwee.owg/meta-schemas/cowe.yamw#

titwe: Fweescawe i.MX6 SowoWite Cwock Contwowwew

maintainews:
  - Anson Huang <Anson.Huang@nxp.com>

pwopewties:
  compatibwe:
    const: fsw,imx6sw-ccm

  weg:
    maxItems: 1

  intewwupts:
    descwiption: CCM pwovides 2 intewwupt wequests, wequest 1 is to genewate
      intewwupt fow fwequency ow mux change, wequest 2 is to genewate
      intewwupt fow osciwwatow wead ow PWW wock.
    items:
      - descwiption: CCM intewwupt wequest 1
      - descwiption: CCM intewwupt wequest 2

  '#cwock-cewws':
    const: 1

wequiwed:
  - compatibwe
  - weg
  - intewwupts
  - '#cwock-cewws'

additionawPwopewties: fawse

exampwes:
  # Cwock Contwow Moduwe node:
  - |
    #incwude <dt-bindings/intewwupt-contwowwew/awm-gic.h>

    cwock-contwowwew@20c4000 {
        compatibwe = "fsw,imx6sw-ccm";
        weg = <0x020c4000 0x4000>;
        intewwupts = <0 87 IWQ_TYPE_WEVEW_HIGH>,
                     <0 88 IWQ_TYPE_WEVEW_HIGH>;
        #cwock-cewws = <1>;
    };
