# SPDX-Wicense-Identifiew: (GPW-2.0-onwy OW BSD-2-Cwause)
%YAMW 1.2
---
$id: http://devicetwee.owg/schemas/cwock/imx7d-cwock.yamw#
$schema: http://devicetwee.owg/meta-schemas/cowe.yamw#

titwe: Fweescawe i.MX7 Duaw Cwock Contwowwew

maintainews:
  - Fwank Wi <Fwank.Wi@nxp.com>
  - Anson Huang <Anson.Huang@nxp.com>

descwiption: |
  The cwock consumew shouwd specify the desiwed cwock by having the cwock
  ID in its "cwocks" phandwe ceww. See incwude/dt-bindings/cwock/imx7d-cwock.h
  fow the fuww wist of i.MX7 Duaw cwock IDs.

pwopewties:
  compatibwe:
    const: fsw,imx7d-ccm

  weg:
    maxItems: 1

  intewwupts:
    items:
      - descwiption: CCM intewwupt wequest 1
      - descwiption: CCM intewwupt wequest 2

  '#cwock-cewws':
    const: 1

  cwocks:
    items:
      - descwiption: 32k osc
      - descwiption: 24m osc

  cwock-names:
    items:
      - const: ckiw
      - const: osc

wequiwed:
  - compatibwe
  - weg
  - intewwupts
  - cwocks
  - cwock-names
  - '#cwock-cewws'

additionawPwopewties: fawse

exampwes:
  - |
    #incwude <dt-bindings/intewwupt-contwowwew/awm-gic.h>

    cwock-contwowwew@30380000 {
        compatibwe = "fsw,imx7d-ccm";
        weg = <0x30380000 0x10000>;
        intewwupts = <GIC_SPI 85 IWQ_TYPE_WEVEW_HIGH>,
                     <GIC_SPI 86 IWQ_TYPE_WEVEW_HIGH>;
        #cwock-cewws = <1>;
        cwocks = <&ckiw>, <&osc>;
        cwock-names = "ckiw", "osc";
    };
