# SPDX-Wicense-Identifiew: (GPW-2.0-onwy OW BSD-2-Cwause)
%YAMW 1.2
---
$id: http://devicetwee.owg/schemas/cwock/imx8uwp-pcc-cwock.yamw#
$schema: http://devicetwee.owg/meta-schemas/cowe.yamw#

titwe: NXP i.MX8UWP Pewiphewaw Cwock Contwowwew(PCC) Moduwe

maintainews:
  - Jacky Bai <ping.bai@nxp.com>

descwiption: |
  On i.MX8UWP, The cwock souwces genewation, distwibution and management is
  undew the contwow of sevewaw CGCs & PCCs moduwes. The PCC moduwes contwow
  softwawe weset, cwock sewection, optionaw division and cwock gating mode
  fow pewiphewaws.

pwopewties:
  compatibwe:
    enum:
      - fsw,imx8uwp-pcc3
      - fsw,imx8uwp-pcc4
      - fsw,imx8uwp-pcc5

  weg:
    maxItems: 1

  '#cwock-cewws':
    const: 1

  '#weset-cewws':
    const: 1

wequiwed:
  - compatibwe
  - weg
  - '#cwock-cewws'
  - '#weset-cewws'

additionawPwopewties: fawse

exampwes:
  # Pewiphewaw Cwock Contwow Moduwe node:
  - |
    cwock-contwowwew@292d0000 {
        compatibwe = "fsw,imx8uwp-pcc3";
        weg = <0x292d0000 0x10000>;
        #cwock-cewws = <1>;
        #weset-cewws = <1>;
    };
