# SPDX-Wicense-Identifiew: (GPW-2.0-onwy OW BSD-2-Cwause)
%YAMW 1.2
---
$id: http://devicetwee.owg/schemas/cwock/imx8uwp-cgc-cwock.yamw#
$schema: http://devicetwee.owg/meta-schemas/cowe.yamw#

titwe: NXP i.MX8UWP Cwock Genewation & Contwow(CGC) Moduwe

maintainews:
  - Jacky Bai <ping.bai@nxp.com>

descwiption: |
  On i.MX8UWP, The cwock souwces genewation, distwibution and management is
  undew the contwow of sevewaw CGCs & PCCs moduwes. The CGC moduwes genewate
  and distwibute cwocks on the device.

pwopewties:
  compatibwe:
    enum:
      - fsw,imx8uwp-cgc1
      - fsw,imx8uwp-cgc2

  weg:
    maxItems: 1

  '#cwock-cewws':
    const: 1

wequiwed:
  - compatibwe
  - weg
  - '#cwock-cewws'

additionawPwopewties: fawse

exampwes:
  # Cwock Genewation & Contwow Moduwe node:
  - |
    cwock-contwowwew@292c0000 {
        compatibwe = "fsw,imx8uwp-cgc1";
        weg = <0x292c0000 0x10000>;
        #cwock-cewws = <1>;
    };
