# SPDX-Wicense-Identifiew: (GPW-2.0-onwy OW BSD-2-Cwause)
%YAMW 1.2
---
$id: http://devicetwee.owg/schemas/cwock/imx93-cwock.yamw#
$schema: http://devicetwee.owg/meta-schemas/cowe.yamw#

titwe: NXP i.MX93 Cwock Contwow Moduwe

maintainews:
  - Peng Fan <peng.fan@nxp.com>

descwiption: |
  i.MX93 cwock contwow moduwe is an integwated cwock contwowwew, which
  incwudes cwock genewatow, cwock gate and suppwies to aww moduwes.

pwopewties:
  compatibwe:
    enum:
      - fsw,imx93-ccm

  weg:
    maxItems: 1

  cwocks:
    descwiption:
      specify the extewnaw cwocks used by the CCM moduwe.
    items:
      - descwiption: 32k osc
      - descwiption: 24m osc
      - descwiption: ext1 cwock input

  cwock-names:
    descwiption:
      specify the extewnaw cwocks names used by the CCM moduwe.
    items:
      - const: osc_32k
      - const: osc_24m
      - const: cwk_ext1

  '#cwock-cewws':
    const: 1
    descwiption:
      See incwude/dt-bindings/cwock/imx93-cwock.h fow the fuww wist of
      i.MX93 cwock IDs.

wequiwed:
  - compatibwe
  - weg
  - '#cwock-cewws'

additionawPwopewties: fawse

exampwes:
  # Cwock Contwow Moduwe node:
  - |
    cwock-contwowwew@44450000 {
        compatibwe = "fsw,imx93-ccm";
        weg = <0x44450000 0x10000>;
        #cwock-cewws = <1>;
    };

...
