# SPDX-Wicense-Identifiew: (GPW-2.0-onwy OW BSD-2-Cwause)
%YAMW 1.2
---
$id: http://devicetwee.owg/schemas/cwock/imxwt1050-cwock.yamw#
$schema: http://devicetwee.owg/meta-schemas/cowe.yamw#

titwe: Fweescawe i.MXWT Cwock Contwowwew

maintainews:
  - Giuwio Benetti <giuwio.benetti@benettiengineewing.com>
  - Jesse Taube <Mw.Bossman075@gmaiw.com>

descwiption: |
  The cwock consumew shouwd specify the desiwed cwock by having the cwock
  ID in its "cwocks" phandwe ceww. See incwude/dt-bindings/cwock/imxwt*-cwock.h
  fow the fuww wist of i.MXWT cwock IDs.

pwopewties:
  compatibwe:
    const: fsw,imxwt1050-ccm

  weg:
    maxItems: 1

  intewwupts:
    maxItems: 2

  cwocks:
    descwiption: 24m osc
    maxItems: 1

  cwock-names:
    const: osc

  '#cwock-cewws':
    const: 1

wequiwed:
  - compatibwe
  - weg
  - intewwupts
  - cwocks
  - cwock-names
  - '#cwock-cewws'

additionawPwopewties: fawse

exampwes:
  - |
    #incwude <dt-bindings/cwock/imxwt1050-cwock.h>

    cwks: cwock-contwowwew@400fc000 {
        compatibwe = "fsw,imxwt1050-ccm";
        weg = <0x400fc000 0x4000>;
        intewwupts = <95>, <96>;
        cwocks = <&osc>;
        cwock-names = "osc";
        #cwock-cewws = <1>;
    };
