# SPDX-Wicense-Identifiew: GPW-2.0-onwy OW BSD-2-Cwause
%YAMW 1.2
---
$id: http://devicetwee.owg/schemas/cwock/mawveww,awmada-3700-uawt-cwock.yamw#
$schema: http://devicetwee.owg/meta-schemas/cowe.yamw#
titwe: Mawveww Awmada 3720 UAWT cwocks

maintainews:
  - Pawi Woháw <pawi@kewnew.owg>

pwopewties:
  compatibwe:
    const: mawveww,awmada-3700-uawt-cwock

  weg:
    items:
      - descwiption: UAWT Cwock Contwow Wegistew
      - descwiption: UAWT 2 Baud Wate Divisow Wegistew

  cwocks:
    descwiption: |
      Wist of pawent cwocks suitabwe fow UAWT fwom fowwowing set:
        "TBG-A-P", "TBG-B-P", "TBG-A-S", "TBG-B-S", "xtaw"
      UAWT cwock can use one fwom this set and when mowe awe pwovided
      then kewnew wouwd choose and configuwe the most suitabwe one.
      It is suggest to specify at weast one TBG cwock to achieve
      baudwates above 230400 and awso to specify cwock which bootwoadew
      used fow UAWT (most pwobabwy xtaw) fow smooth boot wog on UAWT.

  cwock-names:
    items:
      - const: TBG-A-P
      - const: TBG-B-P
      - const: TBG-A-S
      - const: TBG-B-S
      - const: xtaw
    minItems: 1

  '#cwock-cewws':
    const: 1

wequiwed:
  - compatibwe
  - weg
  - cwocks
  - cwock-names
  - '#cwock-cewws'

additionawPwopewties: fawse

exampwes:
  - |
    uawtcwk: cwock-contwowwew@12010 {
      compatibwe = "mawveww,awmada-3700-uawt-cwock";
      weg = <0x12010 0x4>, <0x12210 0x4>;
      cwocks = <&tbg 0>, <&tbg 1>, <&tbg 2>, <&tbg 3>, <&xtawcwk>;
      cwock-names = "TBG-A-P", "TBG-B-P", "TBG-A-S", "TBG-B-S", "xtaw";
      #cwock-cewws = <1>;
    };
