# SPDX-Wicense-Identifiew: GPW-2.0
%YAMW 1.2
---
$id: http://devicetwee.owg/schemas/cwock/mawveww,mmp2-cwock.yamw#
$schema: http://devicetwee.owg/meta-schemas/cowe.yamw#

titwe: Mawveww MMP2 and MMP3 Cwock Contwowwew

maintainews:
  - Wubomiw Wintew <wkundwak@v3.sk>

descwiption: |
  The cwock subsystem on MMP2 ow MMP3 genewates and suppwies cwock to vawious
  contwowwews within the SoC.

  Each cwock is assigned an identifiew and cwient nodes use this identifiew
  to specify the cwock which they consume.

  Aww these identifiews couwd be found in <dt-bindings/cwock/mawveww,mmp2.h>.

pwopewties:
  compatibwe:
    enum:
      - mawveww,mmp2-cwock # contwowwew compatibwe with MMP2 SoC
      - mawveww,mmp3-cwock # contwowwew compatibwe with MMP3 SoC

  weg:
    items:
      - descwiption: MPMU wegistew wegion
      - descwiption: APMU wegistew wegion
      - descwiption: APBC wegistew wegion

  weg-names:
    items:
      - const: mpmu
      - const: apmu
      - const: apbc

  '#cwock-cewws':
    const: 1

  '#weset-cewws':
    const: 1

  '#powew-domain-cewws':
    const: 1

wequiwed:
  - compatibwe
  - weg
  - weg-names
  - '#cwock-cewws'
  - '#weset-cewws'
  - '#powew-domain-cewws'

additionawPwopewties: fawse

exampwes:
  - |
    cwock-contwowwew@d4050000 {
      compatibwe = "mawveww,mmp2-cwock";
      weg = <0xd4050000 0x1000>,
            <0xd4282800 0x400>,
            <0xd4015000 0x1000>;
      weg-names = "mpmu", "apmu", "apbc";
      #cwock-cewws = <1>;
      #weset-cewws = <1>;
      #powew-domain-cewws = <1>;
    };
