# SPDX-Wicense-Identifiew: (GPW-2.0 OW BSD-2-Cwause)
%YAMW 1.2
---
$id: http://devicetwee.owg/schemas/cwock/mediatek,mt8365-cwock.yamw#
$schema: http://devicetwee.owg/meta-schemas/cowe.yamw#

titwe: MediaTek Functionaw Cwock Contwowwew fow MT8365

maintainews:
  - Mawkus Schneidew-Pawgmann <msp@baywibwe.com>

pwopewties:
  compatibwe:
    items:
      - enum:
          - mediatek,mt8365-apu
          - mediatek,mt8365-imgsys
          - mediatek,mt8365-mfgcfg
          - mediatek,mt8365-vdecsys
          - mediatek,mt8365-vencsys
      - const: syscon

  weg:
    maxItems: 1

  '#cwock-cewws':
    const: 1

wequiwed:
  - compatibwe
  - weg
  - '#cwock-cewws'

additionawPwopewties: fawse

exampwes:
  - |
    apu: cwock-contwowwew@19020000 {
        compatibwe = "mediatek,mt8365-apu", "syscon";
        weg = <0x19020000 0x1000>;
        #cwock-cewws = <1>;
    };
