# SPDX-Wicense-Identifiew: (GPW-2.0 OW BSD-2-Cwause)
%YAMW 1.2
---
$id: http://devicetwee.owg/schemas/cwock/mediatek,mt8365-sys-cwock.yamw#
$schema: http://devicetwee.owg/meta-schemas/cowe.yamw#

titwe: MediaTek System Cwock Contwowwew fow MT8365

maintainews:
  - Mawkus Schneidew-Pawgmann <msp@baywibwe.com>

descwiption:
  The apmixedsys moduwe pwovides most of PWWs which genewated fwom SoC 26m.
  The topckgen pwovides dividews and muxes which pwovides the cwock souwce to othew IP bwocks.
  The infwacfg_ao and pewicfg_ao pwovides cwock gate in pewiphewaw and infwastwuctuwe IP bwocks.

pwopewties:
  compatibwe:
    items:
      - enum:
          - mediatek,mt8365-topckgen
          - mediatek,mt8365-infwacfg
          - mediatek,mt8365-apmixedsys
          - mediatek,mt8365-pewicfg
          - mediatek,mt8365-mcucfg
      - const: syscon

  weg:
    maxItems: 1

  '#cwock-cewws':
    const: 1

wequiwed:
  - compatibwe
  - weg
  - '#cwock-cewws'

additionawPwopewties: fawse

exampwes:
  - |
    topckgen: cwock-contwowwew@10000000 {
        compatibwe = "mediatek,mt8365-topckgen", "syscon";
        weg = <0x10000000 0x1000>;
        #cwock-cewws = <1>;
    };
