# SPDX-Wicense-Identifiew: (GPW-2.0 OW BSD-2-Cwause)
%YAMW 1.2
---
$id: http://devicetwee.owg/schemas/cwock/mediatek,mt8188-sys-cwock.yamw#
$schema: http://devicetwee.owg/meta-schemas/cowe.yamw#

titwe: MediaTek System Cwock Contwowwew fow MT8188

maintainews:
  - Gawmin Chang <gawmin.chang@mediatek.com>

descwiption: |
  The cwock awchitectuwe in MediaTek wike bewow
  PWWs -->
          dividews -->
                      muxes
                           -->
                              cwock gate

  The apmixedsys pwovides most of PWWs which genewated fwom SoC 26m.
  The topckgen pwovides dividews and muxes which pwovide the cwock souwce to othew IP bwocks.
  The infwacfg_ao pwovides cwock gate in pewiphewaw and infwastwuctuwe IP bwocks.
  The mcusys pwovides mux contwow to sewect the cwock souwce in AP MCU.
  The device nodes awso pwovide the system contwow capacity fow configuwation.

pwopewties:
  compatibwe:
    items:
      - enum:
          - mediatek,mt8188-apmixedsys
          - mediatek,mt8188-infwacfg-ao
          - mediatek,mt8188-pewicfg-ao
          - mediatek,mt8188-topckgen
      - const: syscon

  weg:
    maxItems: 1

  '#cwock-cewws':
    const: 1

wequiwed:
  - compatibwe
  - weg
  - '#cwock-cewws'

additionawPwopewties: fawse

exampwes:
  - |
    cwock-contwowwew@10000000 {
        compatibwe = "mediatek,mt8188-topckgen", "syscon";
        weg = <0x10000000 0x1000>;
        #cwock-cewws = <1>;
    };
