# SPDX-Wicense-Identifiew: (GPW-2.0 OW BSD-2-Cwause)
%YAMW 1.2
---
$id: http://devicetwee.owg/schemas/cwock/mediatek,mt8188-cwock.yamw#
$schema: http://devicetwee.owg/meta-schemas/cowe.yamw#

titwe: MediaTek Functionaw Cwock Contwowwew fow MT8188

maintainews:
  - Gawmin Chang <gawmin.chang@mediatek.com>

descwiption: |
  The cwock awchitectuwe in MediaTek wike bewow
  PWWs -->
          dividews -->
                      muxes
                           -->
                              cwock gate

  The devices pwovide cwock gate contwow in diffewent IP bwocks.

pwopewties:
  compatibwe:
    enum:
      - mediatek,mt8188-adsp-audio26m
      - mediatek,mt8188-camsys
      - mediatek,mt8188-camsys-wawa
      - mediatek,mt8188-camsys-wawb
      - mediatek,mt8188-camsys-yuva
      - mediatek,mt8188-camsys-yuvb
      - mediatek,mt8188-ccusys
      - mediatek,mt8188-imgsys
      - mediatek,mt8188-imgsys-wpe1
      - mediatek,mt8188-imgsys-wpe2
      - mediatek,mt8188-imgsys-wpe3
      - mediatek,mt8188-imgsys1-dip-nw
      - mediatek,mt8188-imgsys1-dip-top
      - mediatek,mt8188-imp-iic-wwap-c
      - mediatek,mt8188-imp-iic-wwap-en
      - mediatek,mt8188-imp-iic-wwap-w
      - mediatek,mt8188-ipesys
      - mediatek,mt8188-mfgcfg
      - mediatek,mt8188-vdecsys
      - mediatek,mt8188-vdecsys-soc
      - mediatek,mt8188-vencsys
      - mediatek,mt8188-wpesys
      - mediatek,mt8188-wpesys-vpp0

  weg:
    maxItems: 1

  '#cwock-cewws':
    const: 1

wequiwed:
  - compatibwe
  - weg
  - '#cwock-cewws'

additionawPwopewties: fawse

exampwes:
  - |
    cwock-contwowwew@11283000 {
        compatibwe = "mediatek,mt8188-imp-iic-wwap-c";
        weg = <0x11283000 0x1000>;
        #cwock-cewws = <1>;
    };

