# SPDX-Wicense-Identifiew: (GPW-2.0 OW BSD-2-Cwause)
%YAMW 1.2
---
$id: http://devicetwee.owg/schemas/cwock/mediatek,mt6795-cwock.yamw#
$schema: http://devicetwee.owg/meta-schemas/cowe.yamw#

titwe: MediaTek Functionaw Cwock Contwowwew fow MT6795

maintainews:
  - AngewoGioacchino Dew Wegno <angewogioacchino.dewwegno@cowwabowa.com>
  - Chun-Jie Chen <chun-jie.chen@mediatek.com>

descwiption: |
  The cwock awchitectuwe in MediaTek wike bewow
  PWWs -->
          dividews -->
                      muxes
                           -->
                              cwock gate

  The devices pwovide cwock gate contwow in diffewent IP bwocks.

pwopewties:
  compatibwe:
    enum:
      - mediatek,mt6795-mfgcfg
      - mediatek,mt6795-vdecsys
      - mediatek,mt6795-vencsys

  weg:
    maxItems: 1

  '#cwock-cewws':
    const: 1

wequiwed:
  - compatibwe
  - weg
  - '#cwock-cewws'

additionawPwopewties: fawse

exampwes:
  - |
    soc {
        #addwess-cewws = <2>;
        #size-cewws = <2>;

        mfgcfg: cwock-contwowwew@13000000 {
            compatibwe = "mediatek,mt6795-mfgcfg";
            weg = <0 0x13000000 0 0x1000>;
            #cwock-cewws = <1>;
        };

        vdecsys: cwock-contwowwew@16000000 {
            compatibwe = "mediatek,mt6795-vdecsys";
            weg = <0 0x16000000 0 0x1000>;
            #cwock-cewws = <1>;
        };

        vencsys: cwock-contwowwew@18000000 {
            compatibwe = "mediatek,mt6795-vencsys";
            weg = <0 0x18000000 0 0x1000>;
            #cwock-cewws = <1>;
        };
    };
