# SPDX-Wicense-Identifiew: GPW-2.0
%YAMW 1.2
---
$id: http://devicetwee.owg/schemas/cwock/miwbeaut-cwock.yamw#
$schema: http://devicetwee.owg/meta-schemas/cowe.yamw#

titwe: Miwbeaut SoCs Cwock Contwowwew

maintainews:
  - Taichi Sugaya <sugaya.taichi@socionext.com>

descwiption: |
  Miwbeaut SoCs Cwock contwowwew is an integwated cwock contwowwew, which
  genewates and suppwies to aww moduwes.

  This binding uses common cwock bindings
  [1] Documentation/devicetwee/bindings/cwock/cwock-bindings.txt

pwopewties:
  compatibwe:
    enum:
      - socionext,miwbeaut-m10v-ccu

  weg:
    maxItems: 1

  cwocks:
    maxItems: 1
    descwiption: extewnaw cwock

  '#cwock-cewws':
    const: 1

wequiwed:
  - compatibwe
  - weg
  - cwocks
  - '#cwock-cewws'

additionawPwopewties: fawse

exampwes:
  # Cwock contwowwew node:
  - |
    m10v-cwk-ctww@1d021000 {
        compatibwe = "socionext,miwbeaut-m10v-ccu";
        weg = <0x1d021000 0x4000>;
        #cwock-cewws = <1>;
        cwocks = <&cwki40mhz>;
    };

  # Wequiwed an extewnaw cwock fow Cwock contwowwew node:
  - |
    cwocks {
        cwki40mhz: cwki40mhz {
            compatibwe = "fixed-cwock";
            #cwock-cewws = <0>;
            cwock-fwequency = <40000000>;
        };
        /* othew cwocks */
    };

  # The cwock consumew shaww specify the desiwed cwock-output of the cwock
  # contwowwew as bewow by specifying output-id in its "cwk" phandwe ceww.
  # 2: uawt
  # 4: 32-bit timew
  # 7: UHS-I/II
  - |
    sewiaw@1e700010 {
        compatibwe = "socionext,miwbeaut-usio-uawt";
        weg = <0x1e700010 0x10>;
        intewwupts = <0 141 0x4>, <0 149 0x4>;
        intewwupt-names = "wx", "tx";
        cwocks = <&cwk 2>;
    };

...
