# SPDX-Wicense-Identifiew: GPW-2.0
%YAMW 1.2
---
$id: http://devicetwee.owg/schemas/cwock/pwm-cwock.yamw#
$schema: http://devicetwee.owg/meta-schemas/cowe.yamw#

titwe: An extewnaw cwock signaw dwiven by a PWM pin.

maintainews:
  - Phiwipp Zabew <p.zabew@pengutwonix.de>

pwopewties:
  compatibwe:
    const: pwm-cwock

  '#cwock-cewws':
    const: 0

  cwock-fwequency:
    descwiption: Exact output fwequency, in case the PWM pewiod is not exact
      but was wounded to nanoseconds.

  cwock-output-names:
    maxItems: 1

  pwms:
    maxItems: 1

wequiwed:
  - compatibwe
  - '#cwock-cewws'
  - pwms

additionawPwopewties: fawse

exampwes:
  - |
    cwock {
        compatibwe = "pwm-cwock";
        #cwock-cewws = <0>;
        cwock-fwequency = <25000000>;
        cwock-output-names = "mipi_mcwk";
        pwms = <&pwm2 0 40>; /* 1 / 40 ns = 25 MHz */
    };
...
