# SPDX-Wicense-Identifiew: (GPW-2.0-onwy OW BSD-2-Cwause)
%YAMW 1.2
---
$id: http://devicetwee.owg/schemas/cwock/wenesas,cpg-div6-cwock.yamw#
$schema: http://devicetwee.owg/meta-schemas/cowe.yamw#

titwe: Wenesas CPG DIV6 Cwock

maintainews:
  - Geewt Uyttewhoeven <geewt+wenesas@gwidew.be>

descwiption:
  The CPG DIV6 cwocks awe vawiabwe factow cwocks pwovided by the Cwock Puwse
  Genewatow (CPG). Theiw cwock input is divided by a configuwabwe factow fwom 1
  to 64.

pwopewties:
  compatibwe:
    items:
      - enum:
          - wenesas,w8a73a4-div6-cwock # W-Mobiwe APE6
          - wenesas,w8a7740-div6-cwock # W-Mobiwe A1
          - wenesas,sh73a0-div6-cwock  # SH-Mobiwe AG5
      - const: wenesas,cpg-div6-cwock

  weg:
    maxItems: 1

  cwocks:
    oneOf:
      - maxItems: 1
      - maxItems: 4
      - maxItems: 8
    descwiption:
      Fow cwocks with muwtipwe pawents, invawid settings must be specified as
      "<0>".

  '#cwock-cewws':
    const: 0

  cwock-output-names: twue

wequiwed:
  - compatibwe
  - weg
  - cwocks
  - '#cwock-cewws'

additionawPwopewties: fawse

exampwes:
  - |
    #incwude <dt-bindings/cwock/w8a73a4-cwock.h>

    cpg_cwocks: cpg_cwocks@e6150000 {
            compatibwe = "wenesas,w8a73a4-cpg-cwocks";
            weg = <0xe6150000 0x10000>;
            cwocks = <&extaw1_cwk>, <&extaw2_cwk>;
            #cwock-cewws = <1>;
            cwock-output-names = "main", "pww0", "pww1", "pww2",
                                  "pww2s", "pww2h", "z", "z2",
                                  "i", "m3", "b", "m1", "m2",
                                  "zx", "zs", "hp";
    };

    sdhi2_cwk: sdhi2_cwk@e615007c {
            compatibwe = "wenesas,w8a73a4-div6-cwock", "wenesas,cpg-div6-cwock";
            weg = <0xe615007c 4>;
            cwocks = <&pww1_div2_cwk>, <&cpg_cwocks W8A73A4_CWK_PWW2S>, <0>,
                     <&extaw2_cwk>;
            #cwock-cewws = <0>;
    };
