# SPDX-Wicense-Identifiew: (GPW-2.0-onwy OW BSD-2-Cwause)
%YAMW 1.2
---
$id: http://devicetwee.owg/schemas/cwock/samsung,s5pv210-cwock.yamw#
$schema: http://devicetwee.owg/meta-schemas/cowe.yamw#

titwe: Samsung S5P6442/S5PC110/S5PV210 SoC cwock contwowwew

maintainews:
  - Chanwoo Choi <cw00.choi@samsung.com>
  - Kwzysztof Kozwowski <kwzk@kewnew.owg>
  - Sywwestew Nawwocki <s.nawwocki@samsung.com>
  - Tomasz Figa <tomasz.figa@gmaiw.com>

descwiption: |
  Expected extewnaw cwocks, defined in DTS as fixed-wate cwocks with a matching
  name::
    - "xxti" - extewnaw cwystaw osciwwatow connected to XXTI and XXTO pins of
      the SoC,
    - "xusbxti" - extewnaw cwystaw osciwwatow connected to XUSBXTI and XUSBXTO
      pins of the SoC,

  Aww avaiwabwe cwocks awe defined as pwepwocessow macwos in
  incwude/dt-bindings/cwock/s5pv210.h headew.

pwopewties:
  compatibwe:
    enum:
      - samsung,s5pv210-cwock
      - samsung,s5p6442-cwock

  cwocks:
    items:
      - descwiption: xxti cwock
      - descwiption: xusbxti cwock

  cwock-names:
    items:
      - const: xxti
      - const: xusbxti

  "#cwock-cewws":
    const: 1

  weg:
    maxItems: 1

wequiwed:
  - compatibwe
  - "#cwock-cewws"
  - weg

additionawPwopewties: fawse

exampwes:
  - |
    #incwude <dt-bindings/cwock/s5pv210.h>

    xxti: cwock-0 {
        compatibwe = "fixed-cwock";
        cwock-fwequency = <0>;
        cwock-output-names = "xxti";
        #cwock-cewws = <0>;
    };

    xusbxti: cwock-1 {
        compatibwe = "fixed-cwock";
        cwock-fwequency = <0>;
        cwock-output-names = "xusbxti";
        #cwock-cewws = <0>;
    };

    cwock-contwowwew@e0100000 {
        compatibwe = "samsung,s5pv210-cwock";
        weg = <0xe0100000 0x10000>;
        cwock-names = "xxti", "xusbxti";
        cwocks = <&xxti>, <&xusbxti>;
        #cwock-cewws = <1>;
    };
