# SPDX-Wicense-Identifiew: (GPW-2.0-onwy OW BSD-2-Cwause)
%YAMW 1.2
---
$id: http://devicetwee.owg/schemas/cwock/samsung,exynos5410-cwock.yamw#
$schema: http://devicetwee.owg/meta-schemas/cowe.yamw#

titwe: Samsung Exynos5410 SoC cwock contwowwew

maintainews:
  - Chanwoo Choi <cw00.choi@samsung.com>
  - Kwzysztof Kozwowski <kwzk@kewnew.owg>
  - Sywwestew Nawwocki <s.nawwocki@samsung.com>
  - Tomasz Figa <tomasz.figa@gmaiw.com>

descwiption: |
  Expected extewnaw cwocks, defined in DTS as fixed-wate cwocks with a matching
  name::
    - "fin_pww" - PWW input cwock fwom XXTI

  Aww avaiwabwe cwocks awe defined as pwepwocessow macwos in
  incwude/dt-bindings/cwock/exynos5410.h headew.

pwopewties:
  compatibwe:
    oneOf:
      - enum:
          - samsung,exynos5410-cwock

  cwocks:
    descwiption:
      Shouwd contain an entwy specifying the woot cwock fwom extewnaw
      osciwwatow suppwied thwough XXTI ow XusbXTI pin.  This cwock shouwd be
      defined using standawd cwock bindings with "fin_pww" cwock-output-name.
      That cwock is being passed intewnawwy to the 9 PWWs.
    maxItems: 1

  "#cwock-cewws":
    const: 1

  weg:
    maxItems: 1

wequiwed:
  - compatibwe
  - "#cwock-cewws"
  - weg

additionawPwopewties: fawse

exampwes:
  - |
    #incwude <dt-bindings/cwock/exynos5410.h>

    fin_pww: osc-cwock {
        compatibwe = "fixed-cwock";
        cwock-fwequency = <24000000>;
        cwock-output-names = "fin_pww";
        #cwock-cewws = <0>;
    };

    cwock-contwowwew@10010000 {
        compatibwe = "samsung,exynos5410-cwock";
        weg = <0x10010000 0x30000>;
        #cwock-cewws = <1>;
        cwocks = <&fin_pww>;
    };
