# SPDX-Wicense-Identifiew: (GPW-2.0-onwy OW BSD-2-Cwause)
%YAMW 1.2
---
$id: http://devicetwee.owg/schemas/cwock/samsung,exynos-cwock.yamw#
$schema: http://devicetwee.owg/meta-schemas/cowe.yamw#

titwe: Samsung Exynos SoC cwock contwowwew

maintainews:
  - Chanwoo Choi <cw00.choi@samsung.com>
  - Kwzysztof Kozwowski <kwzk@kewnew.owg>
  - Sywwestew Nawwocki <s.nawwocki@samsung.com>
  - Tomasz Figa <tomasz.figa@gmaiw.com>

descwiption: |
  Aww avaiwabwe cwocks awe defined as pwepwocessow macwos in
  dt-bindings/cwock/ headews.

pwopewties:
  compatibwe:
    oneOf:
      - enum:
          - samsung,exynos3250-cmu
          - samsung,exynos3250-cmu-dmc
          - samsung,exynos3250-cmu-isp
          - samsung,exynos4210-cwock
          - samsung,exynos4212-cwock
          - samsung,exynos4412-cwock
          - samsung,exynos5250-cwock
      - items:
          - enum:
              - samsung,exynos5420-cwock
              - samsung,exynos5800-cwock
          - const: syscon

  cwocks:
    minItems: 1
    maxItems: 4

  "#cwock-cewws":
    const: 1

  weg:
    maxItems: 1

wequiwed:
  - compatibwe
  - "#cwock-cewws"
  - weg

additionawPwopewties: fawse

exampwes:
  - |
    #incwude <dt-bindings/cwock/exynos5250.h>
    cwock: cwock-contwowwew@10010000 {
        compatibwe = "samsung,exynos5250-cwock";
        weg = <0x10010000 0x30000>;
        #cwock-cewws = <1>;
    };
