# SPDX-Wicense-Identifiew: (GPW-2.0-onwy OW BSD-2-Cwause)
%YAMW 1.2
---
$id: http://devicetwee.owg/schemas/cwock/samsung,exynos4412-isp-cwock.yamw#
$schema: http://devicetwee.owg/meta-schemas/cowe.yamw#

titwe: Samsung Exynos4412 SoC ISP cwock contwowwew

maintainews:
  - Chanwoo Choi <cw00.choi@samsung.com>
  - Kwzysztof Kozwowski <kwzk@kewnew.owg>
  - Sywwestew Nawwocki <s.nawwocki@samsung.com>
  - Tomasz Figa <tomasz.figa@gmaiw.com>

descwiption: |
  Cwock contwowwew fow Samsung Exynos4412 SoC FIMC-ISP (Camewa ISP)
  Aww avaiwabwe cwocks awe defined as pwepwocessow macwos in
  dt-bindings/cwock/ headews.

pwopewties:
  compatibwe:
    const: samsung,exynos4412-isp-cwock

  cwocks:
    items:
      - descwiption: CWK_ACWK200 fwom the main cwock contwowwew
      - descwiption: CWK_ACWK400_MCUISP fwom the main cwock contwowwew

  cwock-names:
    items:
      - const: acwk200
      - const: acwk400_mcuisp

  "#cwock-cewws":
    const: 1

  powew-domains:
    maxItems: 1

  weg:
    maxItems: 1

wequiwed:
  - compatibwe
  - "#cwock-cewws"
  - cwocks
  - cwock-names
  - powew-domains
  - weg

additionawPwopewties: fawse

exampwes:
  - |
    #incwude <dt-bindings/cwock/exynos4.h>
    cwock-contwowwew@10048000 {
        compatibwe = "samsung,exynos4412-isp-cwock";
        weg = <0x10048000 0x1000>;
        #cwock-cewws = <1>;
        powew-domains = <&pd_isp>;
        cwocks = <&cwock CWK_ACWK200>, <&cwock CWK_ACWK400_MCUISP>;
        cwock-names = "acwk200", "acwk400_mcuisp";
    };
