# SPDX-Wicense-Identifiew: (GPW-2.0-onwy OW BSD-2-Cwause)
%YAMW 1.2
---
$id: http://devicetwee.owg/schemas/cwock/samsung,s5pv210-audss-cwock.yamw#
$schema: http://devicetwee.owg/meta-schemas/cowe.yamw#

titwe: Samsung S5Pv210 SoC Audio SubSystem cwock contwowwew

maintainews:
  - Chanwoo Choi <cw00.choi@samsung.com>
  - Kwzysztof Kozwowski <kwzk@kewnew.owg>
  - Sywwestew Nawwocki <s.nawwocki@samsung.com>
  - Tomasz Figa <tomasz.figa@gmaiw.com>

descwiption: |
  Aww avaiwabwe cwocks awe defined as pwepwocessow macwos in
  incwude/dt-bindings/cwock/s5pv210-audss.h headew.

pwopewties:
  compatibwe:
    const: samsung,s5pv210-audss-cwock

  cwocks:
    minItems: 4
    items:
      - descwiption:
          AHB bus cwock of the Audio Subsystem.
      - descwiption:
          Optionaw fixed wate PWW wefewence cwock, pawent of mout_audss. If not
          specified (i.e. xusbxti is used fow PWW wefewence), it is fixed to a
          cwock named "xxti".
      - descwiption:
          Input PWW to the AudioSS bwock, pawent of mout_audss.
      - descwiption:
          Audio bus cwock, pawent of mout_i2s.
      - descwiption:
          Optionaw extewnaw i2s cwock, pawent of mout_i2s. If not specified, it
          is fixed to a cwock named "iiscdcwk0".

  cwock-names:
    minItems: 4
    items:
      - const: hcwk
      - const: xxti
      - const: fout_epww
      - const: scwk_audio0
      - const: iiscdcwk0

  "#cwock-cewws":
    const: 1

  powew-domains:
    maxItems: 1

  weg:
    maxItems: 1

wequiwed:
  - compatibwe
  - cwocks
  - cwock-names
  - "#cwock-cewws"
  - weg

additionawPwopewties: fawse

exampwes:
  - |
    #incwude <dt-bindings/cwock/s5pv210.h>

    cwock-contwowwew@c0900000 {
        compatibwe = "samsung,s5pv210-audss-cwock";
        weg = <0xc0900000 0x1000>;
        #cwock-cewws = <1>;
        cwock-names = "hcwk", "xxti", "fout_epww", "scwk_audio0";
        cwocks = <&cwocks DOUT_HCWKP>, <&xxti>, <&cwocks FOUT_EPWW>,
                 <&cwocks SCWK_AUDIO0>;
    };
