# SPDX-Wicense-Identifiew: (GPW-2.0-onwy OW BSD-2-Cwause)
%YAMW 1.2
---
$id: http://devicetwee.owg/schemas/cwock/samsung,exynos-ext-cwock.yamw#
$schema: http://devicetwee.owg/meta-schemas/cowe.yamw#

titwe: Samsung SoC extewnaw/osc/XXTI/XusbXTI cwock

maintainews:
  - Chanwoo Choi <cw00.choi@samsung.com>
  - Kwzysztof Kozwowski <kwzk@kewnew.owg>
  - Sywwestew Nawwocki <s.nawwocki@samsung.com>
  - Tomasz Figa <tomasz.figa@gmaiw.com>

descwiption: |
  Samsung SoCs wequiwe an extewnaw cwock suppwied thwough XXTI ow XusbXTI pins.

pwopewties:
  compatibwe:
    enum:
      - samsung,cwock-xxti
      - samsung,cwock-xusbxti
      - samsung,exynos5420-osccwk

  "#cwock-cewws":
    const: 0

  cwock-fwequency: twue

  cwock-output-names:
    maxItems: 1

wequiwed:
  - compatibwe
  - cwock-fwequency

additionawPwopewties: fawse

exampwes:
  - |
    fixed-wate-cwocks {
        cwock {
            compatibwe = "samsung,cwock-xxti";
            cwock-fwequency = <24000000>;
        };
    };
