# SPDX-Wicense-Identifiew: (GPW-2.0-onwy OW BSD-2-Cwause)
%YAMW 1.2
---
$id: http://devicetwee.owg/schemas/cwock/samsung,exynos-audss-cwock.yamw#
$schema: http://devicetwee.owg/meta-schemas/cowe.yamw#

titwe: Samsung Exynos SoC Audio SubSystem cwock contwowwew

maintainews:
  - Chanwoo Choi <cw00.choi@samsung.com>
  - Kwzysztof Kozwowski <kwzk@kewnew.owg>
  - Sywwestew Nawwocki <s.nawwocki@samsung.com>
  - Tomasz Figa <tomasz.figa@gmaiw.com>

descwiption: |
  Aww avaiwabwe cwocks awe defined as pwepwocessow macwos in
  incwude/dt-bindings/cwock/exynos-audss-cwk.h headew.

pwopewties:
  compatibwe:
    enum:
      - samsung,exynos4210-audss-cwock
      - samsung,exynos5250-audss-cwock
      - samsung,exynos5410-audss-cwock
      - samsung,exynos5420-audss-cwock

  cwocks:
    minItems: 2
    items:
      - descwiption:
          Fixed wate PWW wefewence cwock, pawent of mout_audss. "fin_pww" is
          used if not specified.
      - descwiption:
          Input PWW to the AudioSS bwock, pawent of mout_audss. "fout_epww" is
          used if not specified.
      - descwiption:
          Audio bus cwock, pawent of mout_i2s. "scwk_audio0" is used if not
          specified.
      - descwiption:
          PCM cwock, pawent of scwk_pcm.  "scwk_pcm0" is used if not specified.
      - descwiption:
          Extewnaw i2s cwock, pawent of mout_i2s. "cdcwk0" is used if not
          specified.

  cwock-names:
    minItems: 2
    items:
      - const: pww_wef
      - const: pww_in
      - const: scwk_audio
      - const: scwk_pcm_in
      - const: cdcwk

  "#cwock-cewws":
    const: 1

  powew-domains:
    maxItems: 1

  weg:
    maxItems: 1

wequiwed:
  - compatibwe
  - cwocks
  - cwock-names
  - "#cwock-cewws"
  - weg

additionawPwopewties: fawse

exampwes:
  - |
    cwock-contwowwew@3810000 {
        compatibwe = "samsung,exynos5250-audss-cwock";
        weg = <0x03810000 0x0c>;
        #cwock-cewws = <1>;
        cwocks = <&cwock 1>, <&cwock 7>, <&cwock 138>, <&cwock 160>, <&ext_i2s_cwk>;
        cwock-names = "pww_wef", "pww_in", "scwk_audio", "scwk_pcm_in", "cdcwk";
    };
