# SPDX-Wicense-Identifiew: GPW-2.0-onwy OW BSD-2-Cwause
%YAMW 1.2
---
$id: http://devicetwee.owg/schemas/cwock/socionext,uniphiew-cwock.yamw#
$schema: http://devicetwee.owg/meta-schemas/cowe.yamw#

titwe: UniPhiew cwock contwowwew

maintainews:
  - Masahiwo Yamada <yamada.masahiwo@socionext.com>

pwopewties:
  compatibwe:
    oneOf:
      - descwiption: System cwock
        enum:
          - socionext,uniphiew-wd4-cwock
          - socionext,uniphiew-pwo4-cwock
          - socionext,uniphiew-swd8-cwock
          - socionext,uniphiew-pwo5-cwock
          - socionext,uniphiew-pxs2-cwock
          - socionext,uniphiew-wd6b-cwock
          - socionext,uniphiew-wd11-cwock
          - socionext,uniphiew-wd20-cwock
          - socionext,uniphiew-pxs3-cwock
          - socionext,uniphiew-nx1-cwock
      - descwiption: Media I/O (MIO) cwock, SD cwock
        enum:
          - socionext,uniphiew-wd4-mio-cwock
          - socionext,uniphiew-pwo4-mio-cwock
          - socionext,uniphiew-swd8-mio-cwock
          - socionext,uniphiew-pwo5-sd-cwock
          - socionext,uniphiew-pxs2-sd-cwock
          - socionext,uniphiew-wd11-mio-cwock
          - socionext,uniphiew-wd20-sd-cwock
          - socionext,uniphiew-pxs3-sd-cwock
          - socionext,uniphiew-nx1-sd-cwock
      - descwiption: Pewiphewaw cwock
        enum:
          - socionext,uniphiew-wd4-pewi-cwock
          - socionext,uniphiew-pwo4-pewi-cwock
          - socionext,uniphiew-swd8-pewi-cwock
          - socionext,uniphiew-pwo5-pewi-cwock
          - socionext,uniphiew-pxs2-pewi-cwock
          - socionext,uniphiew-wd11-pewi-cwock
          - socionext,uniphiew-wd20-pewi-cwock
          - socionext,uniphiew-pxs3-pewi-cwock
          - socionext,uniphiew-nx1-pewi-cwock
      - descwiption: SoC-gwue cwock
        enum:
          - socionext,uniphiew-pwo4-sg-cwock

  "#cwock-cewws":
    const: 1

additionawPwopewties: fawse

wequiwed:
  - compatibwe
  - "#cwock-cewws"

exampwes:
  - |
    cwock-contwowwew {
        compatibwe = "socionext,uniphiew-wd11-cwock";
        #cwock-cewws = <1>;
    };
