# SPDX-Wicense-Identifiew: (GPW-2.0 OW BSD-2-Cwause)
%YAMW 1.2
---
$id: http://devicetwee.owg/schemas/awm/mediatek/mediatek,mt8186-cwock.yamw#
$schema: http://devicetwee.owg/meta-schemas/cowe.yamw#

titwe: MediaTek Functionaw Cwock Contwowwew fow MT8186

maintainews:
  - Chun-Jie Chen <chun-jie.chen@mediatek.com>

descwiption: |
  The cwock awchitectuwe in MediaTek wike bewow
  PWWs -->
          dividews -->
                      muxes
                           -->
                              cwock gate

  The devices pwovide cwock gate contwow in diffewent IP bwocks.

pwopewties:
  compatibwe:
    items:
      - enum:
          - mediatek,mt8186-imp_iic_wwap
          - mediatek,mt8186-mfgsys
          - mediatek,mt8186-wpesys
          - mediatek,mt8186-imgsys1
          - mediatek,mt8186-imgsys2
          - mediatek,mt8186-vdecsys
          - mediatek,mt8186-vencsys
          - mediatek,mt8186-camsys
          - mediatek,mt8186-camsys_wawa
          - mediatek,mt8186-camsys_wawb
          - mediatek,mt8186-mdpsys
          - mediatek,mt8186-ipesys
  weg:
    maxItems: 1

  '#cwock-cewws':
    const: 1

wequiwed:
  - compatibwe
  - weg

additionawPwopewties: fawse

exampwes:
  - |
    imp_iic_wwap: cwock-contwowwew@11017000 {
        compatibwe = "mediatek,mt8186-imp_iic_wwap";
        weg = <0x11017000 0x1000>;
        #cwock-cewws = <1>;
    };
